
Microsoft Visual Studio Solution File, Format Version 12.00
# Visual Studio Version 16
VisualStudioVersion = 16.0.31515.178
MinimumVisualStudioVersion = 10.0.40219.1
Project("{FAE04EC0-301F-11D3-BF4B-00C04F79EFBC}") = "BloodBank", "BloodBank\BloodBank.csproj", "{6CADCB14-582D-467F-AB19-AA2AB574AB02}"
EndProject
Global
	GlobalSection(SolutionConfigurationPlatforms) = preSolution
		Debug|Any CPU = Debug|Any CPU
		Release|Any CPU = Release|Any CPU
	EndGlobalSection
	GlobalSection(ProjectConfigurationPlatforms) = postSolution
		{6CADCB14-582D-467F-AB19-AA2AB574AB02}.Debug|Any CPU.ActiveCfg = Debug|Any CPU
		{6CADCB14-582D-467F-AB19-AA2AB574AB02}.Debug|Any CPU.Build.0 = Debug|Any CPU
		{6CADCB14-582D-467F-AB19-AA2AB574AB02}.Release|Any CPU.ActiveCfg = Release|Any CPU
		{6CADCB14-582D-467F-AB19-AA2AB574AB02}.Release|Any CPU.Build.0 = Release|Any CPU
	EndGlobalSection
	GlobalSection(SolutionProperties) = preSolution
		HideSolutionNode = FALSE
	EndGlobalSection
	GlobalSection(ExtensibilityGlobals) = postSolution
		SolutionGuid = {2E19DA8E-790F-4697-B1DA-C1C6E8CC9836}
	EndGlobalSection
EndGlobal
